// !$*UTF8*$!
{
	archiveVersion = 1;
	classes = {
	};
	objectVersion = 56;
	objects = {

/* Begin PBXBuildFile section */
		051FED5F2B45818400FCF36D /* TaskListView.swift in Sources */ = {isa = PBXBuildFile; fileRef = 051FED5E2B45818400FCF36D /* TaskListView.swift */; };
		051FED612B45831400FCF36D /* TaskDetailView.swift in Sources */ = {isa = PBXBuildFile; fileRef = 051FED602B45831400FCF36D /* TaskDetailView.swift */; };
		0539D1B62B4438B800B2AAF7 /* Todo_AppApp.swift in Sources */ = {isa = PBXBuildFile; fileRef = 0539D1B52B4438B800B2AAF7 /* Todo_AppApp.swift */; };
		0539D1B82B4438B800B2AAF7 /* ContentView.swift in Sources */ = {isa = PBXBuildFile; fileRef = 0539D1B72B4438B800B2AAF7 /* ContentView.swift */; };
		0539D1BC2B4438B900B2AAF7 /* Assets.xcassets in Resources */ = {isa = PBXBuildFile; fileRef = 0539D1BB2B4438B900B2AAF7 /* Assets.xcassets */; };
		0539D1BF2B4438B900B2AAF7 /* Preview Assets.xcassets in Resources */ = {isa = PBXBuildFile; fileRef = 0539D1BE2B4438B900B2AAF7 /* Preview Assets.xcassets */; };
		0539D1C72B443D1F00B2AAF7 /* Project.swift in Sources */ = {isa = PBXBuildFile; fileRef = 0539D1C62B443D1F00B2AAF7 /* Project.swift */; };
		0539D1C92B443D4100B2AAF7 /* Stream.swift in Sources */ = {isa = PBXBuildFile; fileRef = 0539D1C82B443D4100B2AAF7 /* Stream.swift */; };
		0539D1CD2B443D9F00B2AAF7 /* Task.swift in Sources */ = {isa = PBXBuildFile; fileRef = 0539D1CC2B443D9F00B2AAF7 /* Task.swift */; };
		05A849B02B45AFAF0009FE0E /* TaskDayGroupingView.swift in Sources */ = {isa = PBXBuildFile; fileRef = 05A849AF2B45AFAF0009FE0E /* TaskDayGroupingView.swift */; };
		05A849B32B45B1B30009FE0E /* DateHelper.swift in Sources */ = {isa = PBXBuildFile; fileRef = 05A849B22B45B1B30009FE0E /* DateHelper.swift */; };
		05A849B52B45B2A80009FE0E /* CustomButton.swift in Sources */ = {isa = PBXBuildFile; fileRef = 05A849B42B45B2A80009FE0E /* CustomButton.swift */; };
		05A849B72B45B2DB0009FE0E /* DateCard.swift in Sources */ = {isa = PBXBuildFile; fileRef = 05A849B62B45B2DB0009FE0E /* DateCard.swift */; };
		05CAE32C2B44A647003EE8B3 /* ProjectEditView.swift in Sources */ = {isa = PBXBuildFile; fileRef = 05CAE32B2B44A646003EE8B3 /* ProjectEditView.swift */; };
		05EAD6B02B444B34004A1927 /* ProjectView.swift in Sources */ = {isa = PBXBuildFile; fileRef = 05EAD6AF2B444B34004A1927 /* ProjectView.swift */; };
		05EAD6B32B444C39004A1927 /* ProjectDropdown.swift in Sources */ = {isa = PBXBuildFile; fileRef = 05EAD6B22B444C39004A1927 /* ProjectDropdown.swift */; };
		05EAD6B52B444CF2004A1927 /* ProjectListView.swift in Sources */ = {isa = PBXBuildFile; fileRef = 05EAD6B42B444CF2004A1927 /* ProjectListView.swift */; };
		05EAD6B72B444E53004A1927 /* StreamView.swift in Sources */ = {isa = PBXBuildFile; fileRef = 05EAD6B62B444E53004A1927 /* StreamView.swift */; };
		05EAD6BA2B445853004A1927 /* StreamCreateView.swift in Sources */ = {isa = PBXBuildFile; fileRef = 05EAD6B92B445853004A1927 /* StreamCreateView.swift */; };
		05EAD6BD2B445E1B004A1927 /* StreamBarItem.swift in Sources */ = {isa = PBXBuildFile; fileRef = 05EAD6BC2B445E1B004A1927 /* StreamBarItem.swift */; };
		05EAD6BF2B445E25004A1927 /* StreamBar.swift in Sources */ = {isa = PBXBuildFile; fileRef = 05EAD6BE2B445E25004A1927 /* StreamBar.swift */; };
		05EAD6C12B446411004A1927 /* TaskCreateCard.swift in Sources */ = {isa = PBXBuildFile; fileRef = 05EAD6C02B446411004A1927 /* TaskCreateCard.swift */; };
		05EAD6C32B446442004A1927 /* ClockFace.swift in Sources */ = {isa = PBXBuildFile; fileRef = 05EAD6C22B446442004A1927 /* ClockFace.swift */; };
		05EAD6C52B447543004A1927 /* ProjectCreateView.swift in Sources */ = {isa = PBXBuildFile; fileRef = 05EAD6C42B447543004A1927 /* ProjectCreateView.swift */; };
/* End PBXBuildFile section */

/* Begin PBXFileReference section */
		051FED5E2B45818400FCF36D /* TaskListView.swift */ = {isa = PBXFileReference; lastKnownFileType = sourcecode.swift; path = TaskListView.swift; sourceTree = "<group>"; };
		051FED602B45831400FCF36D /* TaskDetailView.swift */ = {isa = PBXFileReference; lastKnownFileType = sourcecode.swift; path = TaskDetailView.swift; sourceTree = "<group>"; };
		0539D1B22B4438B800B2AAF7 /* NightTime.app */ = {isa = PBXFileReference; explicitFileType = wrapper.application; includeInIndex = 0; path = NightTime.app; sourceTree = BUILT_PRODUCTS_DIR; };
		0539D1B52B4438B800B2AAF7 /* Todo_AppApp.swift */ = {isa = PBXFileReference; lastKnownFileType = sourcecode.swift; path = Todo_AppApp.swift; sourceTree = "<group>"; };
		0539D1B72B4438B800B2AAF7 /* ContentView.swift */ = {isa = PBXFileReference; lastKnownFileType = sourcecode.swift; path = ContentView.swift; sourceTree = "<group>"; };
		0539D1BB2B4438B900B2AAF7 /* Assets.xcassets */ = {isa = PBXFileReference; lastKnownFileType = folder.assetcatalog; path = Assets.xcassets; sourceTree = "<group>"; };
		0539D1BE2B4438B900B2AAF7 /* Preview Assets.xcassets */ = {isa = PBXFileReference; lastKnownFileType = folder.assetcatalog; path = "Preview Assets.xcassets"; sourceTree = "<group>"; };
		0539D1C62B443D1F00B2AAF7 /* Project.swift */ = {isa = PBXFileReference; lastKnownFileType = sourcecode.swift; path = Project.swift; sourceTree = "<group>"; };
		0539D1C82B443D4100B2AAF7 /* Stream.swift */ = {isa = PBXFileReference; lastKnownFileType = sourcecode.swift; path = Stream.swift; sourceTree = "<group>"; };
		0539D1CC2B443D9F00B2AAF7 /* Task.swift */ = {isa = PBXFileReference; lastKnownFileType = sourcecode.swift; path = Task.swift; sourceTree = "<group>"; };
		05A849AF2B45AFAF0009FE0E /* TaskDayGroupingView.swift */ = {isa = PBXFileReference; lastKnownFileType = sourcecode.swift; path = TaskDayGroupingView.swift; sourceTree = "<group>"; };
		05A849B22B45B1B30009FE0E /* DateHelper.swift */ = {isa = PBXFileReference; lastKnownFileType = sourcecode.swift; path = DateHelper.swift; sourceTree = "<group>"; };
		05A849B42B45B2A80009FE0E /* CustomButton.swift */ = {isa = PBXFileReference; lastKnownFileType = sourcecode.swift; path = CustomButton.swift; sourceTree = "<group>"; };
		05A849B62B45B2DB0009FE0E /* DateCard.swift */ = {isa = PBXFileReference; lastKnownFileType = sourcecode.swift; path = DateCard.swift; sourceTree = "<group>"; };
		05CAE32B2B44A646003EE8B3 /* ProjectEditView.swift */ = {isa = PBXFileReference; lastKnownFileType = sourcecode.swift; path = ProjectEditView.swift; sourceTree = "<group>"; };
		05EAD6AF2B444B34004A1927 /* ProjectView.swift */ = {isa = PBXFileReference; lastKnownFileType = sourcecode.swift; path = ProjectView.swift; sourceTree = "<group>"; };
		05EAD6B22B444C39004A1927 /* ProjectDropdown.swift */ = {isa = PBXFileReference; lastKnownFileType = sourcecode.swift; path = ProjectDropdown.swift; sourceTree = "<group>"; };
		05EAD6B42B444CF2004A1927 /* ProjectListView.swift */ = {isa = PBXFileReference; lastKnownFileType = sourcecode.swift; path = ProjectListView.swift; sourceTree = "<group>"; };
		05EAD6B62B444E53004A1927 /* StreamView.swift */ = {isa = PBXFileReference; lastKnownFileType = sourcecode.swift; path = StreamView.swift; sourceTree = "<group>"; };
		05EAD6B92B445853004A1927 /* StreamCreateView.swift */ = {isa = PBXFileReference; lastKnownFileType = sourcecode.swift; path = StreamCreateView.swift; sourceTree = "<group>"; };
		05EAD6BC2B445E1B004A1927 /* StreamBarItem.swift */ = {isa = PBXFileReference; lastKnownFileType = sourcecode.swift; path = StreamBarItem.swift; sourceTree = "<group>"; };
		05EAD6BE2B445E25004A1927 /* StreamBar.swift */ = {isa = PBXFileReference; lastKnownFileType = sourcecode.swift; path = StreamBar.swift; sourceTree = "<group>"; };
		05EAD6C02B446411004A1927 /* TaskCreateCard.swift */ = {isa = PBXFileReference; lastKnownFileType = sourcecode.swift; path = TaskCreateCard.swift; sourceTree = "<group>"; };
		05EAD6C22B446442004A1927 /* ClockFace.swift */ = {isa = PBXFileReference; lastKnownFileType = sourcecode.swift; path = ClockFace.swift; sourceTree = "<group>"; };
		05EAD6C42B447543004A1927 /* ProjectCreateView.swift */ = {isa = PBXFileReference; lastKnownFileType = sourcecode.swift; path = ProjectCreateView.swift; sourceTree = "<group>"; };
/* End PBXFileReference section */

/* Begin PBXFrameworksBuildPhase section */
		0539D1AF2B4438B800B2AAF7 /* Frameworks */ = {
			isa = PBXFrameworksBuildPhase;
			buildActionMask = 2147483647;
			files = (
			);
			runOnlyForDeploymentPostprocessing = 0;
		};
/* End PBXFrameworksBuildPhase section */

/* Begin PBXGroup section */
		051FED5D2B45817A00FCF36D /* Task */ = {
			isa = PBXGroup;
			children = (
				051FED602B45831400FCF36D /* TaskDetailView.swift */,
				05A849AF2B45AFAF0009FE0E /* TaskDayGroupingView.swift */,
				051FED5E2B45818400FCF36D /* TaskListView.swift */,
			);
			name = Task;
			sourceTree = "<group>";
		};
		0539D1A92B4438B800B2AAF7 = {
			isa = PBXGroup;
			children = (
				0539D1B42B4438B800B2AAF7 /* NightTime */,
				0539D1B32B4438B800B2AAF7 /* Products */,
			);
			sourceTree = "<group>";
		};
		0539D1B32B4438B800B2AAF7 /* Products */ = {
			isa = PBXGroup;
			children = (
				0539D1B22B4438B800B2AAF7 /* NightTime.app */,
			);
			name = Products;
			sourceTree = "<group>";
		};
		0539D1B42B4438B800B2AAF7 /* NightTime */ = {
			isa = PBXGroup;
			children = (
				0539D1B52B4438B800B2AAF7 /* Todo_AppApp.swift */,
				05A849B12B45B1A70009FE0E /* helper */,
				05EAD6B12B444C26004A1927 /* Components */,
				05EAD6AE2B444A0E004A1927 /* Views */,
				0539D1C52B443D0D00B2AAF7 /* Models */,
				0539D1BB2B4438B900B2AAF7 /* Assets.xcassets */,
				0539D1BD2B4438B900B2AAF7 /* Preview Content */,
			);
			path = NightTime;
			sourceTree = "<group>";
		};
		0539D1BD2B4438B900B2AAF7 /* Preview Content */ = {
			isa = PBXGroup;
			children = (
				0539D1BE2B4438B900B2AAF7 /* Preview Assets.xcassets */,
			);
			path = "Preview Content";
			sourceTree = "<group>";
		};
		0539D1C52B443D0D00B2AAF7 /* Models */ = {
			isa = PBXGroup;
			children = (
				0539D1C62B443D1F00B2AAF7 /* Project.swift */,
				0539D1C82B443D4100B2AAF7 /* Stream.swift */,
				0539D1CC2B443D9F00B2AAF7 /* Task.swift */,
			);
			path = Models;
			sourceTree = "<group>";
		};
		05A849B12B45B1A70009FE0E /* helper */ = {
			isa = PBXGroup;
			children = (
				05A849B22B45B1B30009FE0E /* DateHelper.swift */,
			);
			path = helper;
			sourceTree = "<group>";
		};
		05EAD6AE2B444A0E004A1927 /* Views */ = {
			isa = PBXGroup;
			children = (
				0539D1B72B4438B800B2AAF7 /* ContentView.swift */,
				051FED5D2B45817A00FCF36D /* Task */,
				05EAD6B82B4456B3004A1927 /* Project */,
				05EAD6C62B447576004A1927 /* Stream */,
			);
			name = Views;
			sourceTree = "<group>";
		};
		05EAD6B12B444C26004A1927 /* Components */ = {
			isa = PBXGroup;
			children = (
				05EAD6B22B444C39004A1927 /* ProjectDropdown.swift */,
				05EAD6C02B446411004A1927 /* TaskCreateCard.swift */,
				05A849B42B45B2A80009FE0E /* CustomButton.swift */,
				05A849B62B45B2DB0009FE0E /* DateCard.swift */,
				05EAD6C22B446442004A1927 /* ClockFace.swift */,
				05EAD6BB2B445E02004A1927 /* StreamBar */,
			);
			path = Components;
			sourceTree = "<group>";
		};
		05EAD6B82B4456B3004A1927 /* Project */ = {
			isa = PBXGroup;
			children = (
				05EAD6B42B444CF2004A1927 /* ProjectListView.swift */,
				05EAD6AF2B444B34004A1927 /* ProjectView.swift */,
				05CAE32B2B44A646003EE8B3 /* ProjectEditView.swift */,
				05EAD6C42B447543004A1927 /* ProjectCreateView.swift */,
			);
			name = Project;
			sourceTree = "<group>";
		};
		05EAD6BB2B445E02004A1927 /* StreamBar */ = {
			isa = PBXGroup;
			children = (
				05EAD6BC2B445E1B004A1927 /* StreamBarItem.swift */,
				05EAD6BE2B445E25004A1927 /* StreamBar.swift */,
			);
			path = StreamBar;
			sourceTree = "<group>";
		};
		05EAD6C62B447576004A1927 /* Stream */ = {
			isa = PBXGroup;
			children = (
				05EAD6B62B444E53004A1927 /* StreamView.swift */,
				05EAD6B92B445853004A1927 /* StreamCreateView.swift */,
			);
			name = Stream;
			sourceTree = "<group>";
		};
/* End PBXGroup section */

/* Begin PBXNativeTarget section */
		0539D1B12B4438B800B2AAF7 /* NightTime */ = {
			isa = PBXNativeTarget;
			buildConfigurationList = 0539D1C22B4438B900B2AAF7 /* Build configuration list for PBXNativeTarget "NightTime" */;
			buildPhases = (
				0539D1AE2B4438B800B2AAF7 /* Sources */,
				0539D1AF2B4438B800B2AAF7 /* Frameworks */,
				0539D1B02B4438B800B2AAF7 /* Resources */,
			);
			buildRules = (
			);
			dependencies = (
			);
			name = NightTime;
			productName = "Todo App";
			productReference = 0539D1B22B4438B800B2AAF7 /* NightTime.app */;
			productType = "com.apple.product-type.application";
		};
/* End PBXNativeTarget section */

/* Begin PBXProject section */
		0539D1AA2B4438B800B2AAF7 /* Project object */ = {
			isa = PBXProject;
			attributes = {
				BuildIndependentTargetsInParallel = 1;
				LastSwiftUpdateCheck = 1510;
				LastUpgradeCheck = 1510;
				TargetAttributes = {
					0539D1B12B4438B800B2AAF7 = {
						CreatedOnToolsVersion = 15.1;
					};
				};
			};
			buildConfigurationList = 0539D1AD2B4438B800B2AAF7 /* Build configuration list for PBXProject "NightTime" */;
			compatibilityVersion = "Xcode 14.0";
			developmentRegion = en;
			hasScannedForEncodings = 0;
			knownRegions = (
				en,
				Base,
			);
			mainGroup = 0539D1A92B4438B800B2AAF7;
			productRefGroup = 0539D1B32B4438B800B2AAF7 /* Products */;
			projectDirPath = "";
			projectRoot = "";
			targets = (
				0539D1B12B4438B800B2AAF7 /* NightTime */,
			);
		};
/* End PBXProject section */

/* Begin PBXResourcesBuildPhase section */
		0539D1B02B4438B800B2AAF7 /* Resources */ = {
			isa = PBXResourcesBuildPhase;
			buildActionMask = 2147483647;
			files = (
				0539D1BF2B4438B900B2AAF7 /* Preview Assets.xcassets in Resources */,
				0539D1BC2B4438B900B2AAF7 /* Assets.xcassets in Resources */,
			);
			runOnlyForDeploymentPostprocessing = 0;
		};
/* End PBXResourcesBuildPhase section */

/* Begin PBXSourcesBuildPhase section */
		0539D1AE2B4438B800B2AAF7 /* Sources */ = {
			isa = PBXSourcesBuildPhase;
			buildActionMask = 2147483647;
			files = (
				05EAD6BA2B445853004A1927 /* StreamCreateView.swift in Sources */,
				05A849B02B45AFAF0009FE0E /* TaskDayGroupingView.swift in Sources */,
				05EAD6BD2B445E1B004A1927 /* StreamBarItem.swift in Sources */,
				0539D1B82B4438B800B2AAF7 /* ContentView.swift in Sources */,
				05EAD6C32B446442004A1927 /* ClockFace.swift in Sources */,
				05A849B32B45B1B30009FE0E /* DateHelper.swift in Sources */,
				0539D1C92B443D4100B2AAF7 /* Stream.swift in Sources */,
				0539D1B62B4438B800B2AAF7 /* Todo_AppApp.swift in Sources */,
				05EAD6B32B444C39004A1927 /* ProjectDropdown.swift in Sources */,
				05EAD6B02B444B34004A1927 /* ProjectView.swift in Sources */,
				05CAE32C2B44A647003EE8B3 /* ProjectEditView.swift in Sources */,
				05A849B52B45B2A80009FE0E /* CustomButton.swift in Sources */,
				0539D1CD2B443D9F00B2AAF7 /* Task.swift in Sources */,
				05EAD6C12B446411004A1927 /* TaskCreateCard.swift in Sources */,
				05EAD6C52B447543004A1927 /* ProjectCreateView.swift in Sources */,
				0539D1C72B443D1F00B2AAF7 /* Project.swift in Sources */,
				051FED612B45831400FCF36D /* TaskDetailView.swift in Sources */,
				05EAD6B72B444E53004A1927 /* StreamView.swift in Sources */,
				05EAD6B52B444CF2004A1927 /* ProjectListView.swift in Sources */,
				051FED5F2B45818400FCF36D /* TaskListView.swift in Sources */,
				05A849B72B45B2DB0009FE0E /* DateCard.swift in Sources */,
				05EAD6BF2B445E25004A1927 /* StreamBar.swift in Sources */,
			);
			runOnlyForDeploymentPostprocessing = 0;
		};
/* End PBXSourcesBuildPhase section */

/* Begin XCBuildConfiguration section */
		0539D1C02B4438B900B2AAF7 /* Debug */ = {
			isa = XCBuildConfiguration;
			buildSettings = {
				ALWAYS_SEARCH_USER_PATHS = NO;
				ASSETCATALOG_COMPILER_GENERATE_SWIFT_ASSET_SYMBOL_EXTENSIONS = YES;
				CLANG_ANALYZER_NONNULL = YES;
				CLANG_ANALYZER_NUMBER_OBJECT_CONVERSION = YES_AGGRESSIVE;
				CLANG_CXX_LANGUAGE_STANDARD = "gnu++20";
				CLANG_ENABLE_MODULES = YES;
				CLANG_ENABLE_OBJC_ARC = YES;
				CLANG_ENABLE_OBJC_WEAK = YES;
				CLANG_WARN_BLOCK_CAPTURE_AUTORELEASING = YES;
				CLANG_WARN_BOOL_CONVERSION = YES;
				CLANG_WARN_COMMA = YES;
				CLANG_WARN_CONSTANT_CONVERSION = YES;
				CLANG_WARN_DEPRECATED_OBJC_IMPLEMENTATIONS = YES;
				CLANG_WARN_DIRECT_OBJC_ISA_USAGE = YES_ERROR;
				CLANG_WARN_DOCUMENTATION_COMMENTS = YES;
				CLANG_WARN_EMPTY_BODY = YES;
				CLANG_WARN_ENUM_CONVERSION = YES;
				CLANG_WARN_INFINITE_RECURSION = YES;
				CLANG_WARN_INT_CONVERSION = YES;
				CLANG_WARN_NON_LITERAL_NULL_CONVERSION = YES;
				CLANG_WARN_OBJC_IMPLICIT_RETAIN_SELF = YES;
				CLANG_WARN_OBJC_LITERAL_CONVERSION = YES;
				CLANG_WARN_OBJC_ROOT_CLASS = YES_ERROR;
				CLANG_WARN_QUOTED_INCLUDE_IN_FRAMEWORK_HEADER = YES;
				CLANG_WARN_RANGE_LOOP_ANALYSIS = YES;
				CLANG_WARN_STRICT_PROTOTYPES = YES;
				CLANG_WARN_SUSPICIOUS_MOVE = YES;
				CLANG_WARN_UNGUARDED_AVAILABILITY = YES_AGGRESSIVE;
				CLANG_WARN_UNREACHABLE_CODE = YES;
				CLANG_WARN__DUPLICATE_METHOD_MATCH = YES;
				COPY_PHASE_STRIP = NO;
				DEBUG_INFORMATION_FORMAT = dwarf;
				ENABLE_STRICT_OBJC_MSGSEND = YES;
				ENABLE_TESTABILITY = YES;
				ENABLE_USER_SCRIPT_SANDBOXING = YES;
				GCC_C_LANGUAGE_STANDARD = gnu17;
				GCC_DYNAMIC_NO_PIC = NO;
				GCC_NO_COMMON_BLOCKS = YES;
				GCC_OPTIMIZATION_LEVEL = 0;
				GCC_PREPROCESSOR_DEFINITIONS = (
					"DEBUG=1",
					"$(inherited)",
				);
				GCC_WARN_64_TO_32_BIT_CONVERSION = YES;
				GCC_WARN_ABOUT_RETURN_TYPE = YES_ERROR;
				GCC_WARN_UNDECLARED_SELECTOR = YES;
				GCC_WARN_UNINITIALIZED_AUTOS = YES_AGGRESSIVE;
				GCC_WARN_UNUSED_FUNCTION = YES;
				GCC_WARN_UNUSED_VARIABLE = YES;
				IPHONEOS_DEPLOYMENT_TARGET = 17.2;
				LOCALIZATION_PREFERS_STRING_CATALOGS = YES;
				MTL_ENABLE_DEBUG_INFO = INCLUDE_SOURCE;
				MTL_FAST_MATH = YES;
				ONLY_ACTIVE_ARCH = YES;
				SDKROOT = iphoneos;
				SWIFT_ACTIVE_COMPILATION_CONDITIONS = "DEBUG $(inherited)";
				SWIFT_OPTIMIZATION_LEVEL = "-Onone";
			};
			name = Debug;
		};
		0539D1C12B4438B900B2AAF7 /* Release */ = {
			isa = XCBuildConfiguration;
			buildSettings = {
				ALWAYS_SEARCH_USER_PATHS = NO;
				ASSETCATALOG_COMPILER_GENERATE_SWIFT_ASSET_SYMBOL_EXTENSIONS = YES;
				CLANG_ANALYZER_NONNULL = YES;
				CLANG_ANALYZER_NUMBER_OBJECT_CONVERSION = YES_AGGRESSIVE;
				CLANG_CXX_LANGUAGE_STANDARD = "gnu++20";
				CLANG_ENABLE_MODULES = YES;
				CLANG_ENABLE_OBJC_ARC = YES;
				CLANG_ENABLE_OBJC_WEAK = YES;
				CLANG_WARN_BLOCK_CAPTURE_AUTORELEASING = YES;
				CLANG_WARN_BOOL_CONVERSION = YES;
				CLANG_WARN_COMMA = YES;
				CLANG_WARN_CONSTANT_CONVERSION = YES;
				CLANG_WARN_DEPRECATED_OBJC_IMPLEMENTATIONS = YES;
				CLANG_WARN_DIRECT_OBJC_ISA_USAGE = YES_ERROR;
				CLANG_WARN_DOCUMENTATION_COMMENTS = YES;
				CLANG_WARN_EMPTY_BODY = YES;
				CLANG_WARN_ENUM_CONVERSION = YES;
				CLANG_WARN_INFINITE_RECURSION = YES;
				CLANG_WARN_INT_CONVERSION = YES;
				CLANG_WARN_NON_LITERAL_NULL_CONVERSION = YES;
				CLANG_WARN_OBJC_IMPLICIT_RETAIN_SELF = YES;
				CLANG_WARN_OBJC_LITERAL_CONVERSION = YES;
				CLANG_WARN_OBJC_ROOT_CLASS = YES_ERROR;
				CLANG_WARN_QUOTED_INCLUDE_IN_FRAMEWORK_HEADER = YES;
				CLANG_WARN_RANGE_LOOP_ANALYSIS = YES;
				CLANG_WARN_STRICT_PROTOTYPES = YES;
				CLANG_WARN_SUSPICIOUS_MOVE = YES;
				CLANG_WARN_UNGUARDED_AVAILABILITY = YES_AGGRESSIVE;
				CLANG_WARN_UNREACHABLE_CODE = YES;
				CLANG_WARN__DUPLICATE_METHOD_MATCH = YES;
				COPY_PHASE_STRIP = NO;
				DEBUG_INFORMATION_FORMAT = "dwarf-with-dsym";
				ENABLE_NS_ASSERTIONS = NO;
				ENABLE_STRICT_OBJC_MSGSEND = YES;
				ENABLE_USER_SCRIPT_SANDBOXING = YES;
				GCC_C_LANGUAGE_STANDARD = gnu17;
				GCC_NO_COMMON_BLOCKS = YES;
				GCC_WARN_64_TO_32_BIT_CONVERSION = YES;
				GCC_WARN_ABOUT_RETURN_TYPE = YES_ERROR;
				GCC_WARN_UNDECLARED_SELECTOR = YES;
				GCC_WARN_UNINITIALIZED_AUTOS = YES_AGGRESSIVE;
				GCC_WARN_UNUSED_FUNCTION = YES;
				GCC_WARN_UNUSED_VARIABLE = YES;
				IPHONEOS_DEPLOYMENT_TARGET = 17.2;
				LOCALIZATION_PREFERS_STRING_CATALOGS = YES;
				MTL_ENABLE_DEBUG_INFO = NO;
				MTL_FAST_MATH = YES;
				SDKROOT = iphoneos;
				SWIFT_COMPILATION_MODE = wholemodule;
				VALIDATE_PRODUCT = YES;
			};
			name = Release;
		};
		0539D1C32B4438B900B2AAF7 /* Debug */ = {
			isa = XCBuildConfiguration;
			buildSettings = {
				ASSETCATALOG_COMPILER_APPICON_NAME = AppIcon;
				ASSETCATALOG_COMPILER_GLOBAL_ACCENT_COLOR_NAME = AccentColor;
				CODE_SIGN_STYLE = Automatic;
				CURRENT_PROJECT_VERSION = 1;
				DEVELOPMENT_ASSET_PATHS = "\"NightTime/Preview Content\"";
				DEVELOPMENT_TEAM = 43D2X95HPK;
				ENABLE_PREVIEWS = YES;
				GENERATE_INFOPLIST_FILE = YES;
				INFOPLIST_KEY_CFBundleDisplayName = NightTime;
				INFOPLIST_KEY_UIApplicationSceneManifest_Generation = YES;
				INFOPLIST_KEY_UIApplicationSupportsIndirectInputEvents = YES;
				INFOPLIST_KEY_UILaunchScreen_Generation = YES;
				INFOPLIST_KEY_UISupportedInterfaceOrientations_iPad = "UIInterfaceOrientationPortrait UIInterfaceOrientationPortraitUpsideDown UIInterfaceOrientationLandscapeLeft UIInterfaceOrientationLandscapeRight";
				INFOPLIST_KEY_UISupportedInterfaceOrientations_iPhone = "UIInterfaceOrientationPortrait UIInterfaceOrientationLandscapeLeft UIInterfaceOrientationLandscapeRight";
				LD_RUNPATH_SEARCH_PATHS = (
					"$(inherited)",
					"@executable_path/Frameworks",
				);
				MARKETING_VERSION = 1.0;
				PRODUCT_BUNDLE_IDENTIFIER = at.flobauer.NightTime;
				PRODUCT_NAME = "$(TARGET_NAME)";
				SWIFT_EMIT_LOC_STRINGS = YES;
				SWIFT_VERSION = 5.0;
				TARGETED_DEVICE_FAMILY = "1,2";
			};
			name = Debug;
		};
		0539D1C42B4438B900B2AAF7 /* Release */ = {
			isa = XCBuildConfiguration;
			buildSettings = {
				ASSETCATALOG_COMPILER_APPICON_NAME = AppIcon;
				ASSETCATALOG_COMPILER_GLOBAL_ACCENT_COLOR_NAME = AccentColor;
				CODE_SIGN_STYLE = Automatic;
				CURRENT_PROJECT_VERSION = 1;
				DEVELOPMENT_ASSET_PATHS = "\"NightTime/Preview Content\"";
				DEVELOPMENT_TEAM = 43D2X95HPK;
				ENABLE_PREVIEWS = YES;
				GENERATE_INFOPLIST_FILE = YES;
				INFOPLIST_KEY_CFBundleDisplayName = NightTime;
				INFOPLIST_KEY_UIApplicationSceneManifest_Generation = YES;
				INFOPLIST_KEY_UIApplicationSupportsIndirectInputEvents = YES;
				INFOPLIST_KEY_UILaunchScreen_Generation = YES;
				INFOPLIST_KEY_UISupportedInterfaceOrientations_iPad = "UIInterfaceOrientationPortrait UIInterfaceOrientationPortraitUpsideDown UIInterfaceOrientationLandscapeLeft UIInterfaceOrientationLandscapeRight";
				INFOPLIST_KEY_UISupportedInterfaceOrientations_iPhone = "UIInterfaceOrientationPortrait UIInterfaceOrientationLandscapeLeft UIInterfaceOrientationLandscapeRight";
				LD_RUNPATH_SEARCH_PATHS = (
					"$(inherited)",
					"@executable_path/Frameworks",
				);
				MARKETING_VERSION = 1.0;
				PRODUCT_BUNDLE_IDENTIFIER = at.flobauer.NightTime;
				PRODUCT_NAME = "$(TARGET_NAME)";
				SWIFT_EMIT_LOC_STRINGS = YES;
				SWIFT_VERSION = 5.0;
				TARGETED_DEVICE_FAMILY = "1,2";
			};
			name = Release;
		};
/* End XCBuildConfiguration section */

/* Begin XCConfigurationList section */
		0539D1AD2B4438B800B2AAF7 /* Build configuration list for PBXProject "NightTime" */ = {
			isa = XCConfigurationList;
			buildConfigurations = (
				0539D1C02B4438B900B2AAF7 /* Debug */,
				0539D1C12B4438B900B2AAF7 /* Release */,
			);
			defaultConfigurationIsVisible = 0;
			defaultConfigurationName = Release;
		};
		0539D1C22B4438B900B2AAF7 /* Build configuration list for PBXNativeTarget "NightTime" */ = {
			isa = XCConfigurationList;
			buildConfigurations = (
				0539D1C32B4438B900B2AAF7 /* Debug */,
				0539D1C42B4438B900B2AAF7 /* Release */,
			);
			defaultConfigurationIsVisible = 0;
			defaultConfigurationName = Release;
		};
/* End XCConfigurationList section */
	};
	rootObject = 0539D1AA2B4438B800B2AAF7 /* Project object */;
}
